// !$*UTF8*$!
{
	archiveVersion = 1;
	classes = {
	};
	objectVersion = 55;
	objects = {

/* Begin PBXBuildFile section */
		6075AC0528BF911C00FD823A /* AppDelegate.swift in Sources */ = {isa = PBXBuildFile; fileRef = 6075AC0428BF911C00FD823A /* AppDelegate.swift */; };
		6075AC0728BF911C00FD823A /* SceneDelegate.swift in Sources */ = {isa = PBXBuildFile; fileRef = 6075AC0628BF911C00FD823A /* SceneDelegate.swift */; };
		6075AC0F28BF911C00FD823A /* JobLabFinal.xcdatamodeld in Sources */ = {isa = PBXBuildFile; fileRef = 6075AC0D28BF911C00FD823A /* JobLabFinal.xcdatamodeld */; };
		6075AC1128BF911D00FD823A /* Assets.xcassets in Resources */ = {isa = PBXBuildFile; fileRef = 6075AC1028BF911D00FD823A /* Assets.xcassets */; };
		6075AC1428BF911D00FD823A /* LaunchScreen.storyboard in Resources */ = {isa = PBXBuildFile; fileRef = 6075AC1228BF911D00FD823A /* LaunchScreen.storyboard */; };
		6075AC2528BF922E00FD823A /* OnBoardingPresenter.swift in Sources */ = {isa = PBXBuildFile; fileRef = 6075AC1F28BF922E00FD823A /* OnBoardingPresenter.swift */; };
		6075AC2628BF922E00FD823A /* OnBoardingWorker.swift in Sources */ = {isa = PBXBuildFile; fileRef = 6075AC2028BF922E00FD823A /* OnBoardingWorker.swift */; };
		6075AC2728BF922E00FD823A /* OnBoardingRouter.swift in Sources */ = {isa = PBXBuildFile; fileRef = 6075AC2128BF922E00FD823A /* OnBoardingRouter.swift */; };
		6075AC2828BF922E00FD823A /* OnBoardingModels.swift in Sources */ = {isa = PBXBuildFile; fileRef = 6075AC2228BF922E00FD823A /* OnBoardingModels.swift */; };
		6075AC2928BF922E00FD823A /* OnBoardingViewController.swift in Sources */ = {isa = PBXBuildFile; fileRef = 6075AC2328BF922E00FD823A /* OnBoardingViewController.swift */; };
		6075AC2A28BF922E00FD823A /* OnBoardingInteractor.swift in Sources */ = {isa = PBXBuildFile; fileRef = 6075AC2428BF922E00FD823A /* OnBoardingInteractor.swift */; };
		6075AC2C28BF926300FD823A /* OnBoardingConfigure.swift in Sources */ = {isa = PBXBuildFile; fileRef = 6075AC2B28BF926300FD823A /* OnBoardingConfigure.swift */; };
		6075AC3028BF954A00FD823A /* OnBoardingModel.swift in Sources */ = {isa = PBXBuildFile; fileRef = 6075AC2F28BF954A00FD823A /* OnBoardingModel.swift */; };
		6075AC3328BFA43800FD823A /* OnboardCollectionViewCell.swift in Sources */ = {isa = PBXBuildFile; fileRef = 6075AC3228BFA43800FD823A /* OnboardCollectionViewCell.swift */; };
		6075AC3828C0999400FD823A /* CustomCollectionViewExtension .swift in Sources */ = {isa = PBXBuildFile; fileRef = 6075AC3728C0999400FD823A /* CustomCollectionViewExtension .swift */; };
		6075AC3B28C09F3E00FD823A /* ConstraintsExtensions.swift in Sources */ = {isa = PBXBuildFile; fileRef = 6075AC3A28C09F3E00FD823A /* ConstraintsExtensions.swift */; };
		6075AC4028C09F8F00FD823A /* AllertMessageExt.swift in Sources */ = {isa = PBXBuildFile; fileRef = 6075AC3F28C09F8F00FD823A /* AllertMessageExt.swift */; };
		6075AC4228C0A3E200FD823A /* CollectionViewExtensions.swift in Sources */ = {isa = PBXBuildFile; fileRef = 6075AC4128C0A3E200FD823A /* CollectionViewExtensions.swift */; };
		6075AC4628C0A46700FD823A /* TableVExtensions.swift in Sources */ = {isa = PBXBuildFile; fileRef = 6075AC4528C0A46700FD823A /* TableVExtensions.swift */; };
		6075AC4B28C0DD6B00FD823A /* SetUpViewExtensions.swift in Sources */ = {isa = PBXBuildFile; fileRef = 6075AC4A28C0DD6B00FD823A /* SetUpViewExtensions.swift */; };
		6075AC5328C15E4000FD823A /* AuthenticationPresenter.swift in Sources */ = {isa = PBXBuildFile; fileRef = 6075AC4D28C15E4000FD823A /* AuthenticationPresenter.swift */; };
		6075AC5428C15E4000FD823A /* AuthenticationWorker.swift in Sources */ = {isa = PBXBuildFile; fileRef = 6075AC4E28C15E4000FD823A /* AuthenticationWorker.swift */; };
		6075AC5528C15E4000FD823A /* AuthenticationRouter.swift in Sources */ = {isa = PBXBuildFile; fileRef = 6075AC4F28C15E4000FD823A /* AuthenticationRouter.swift */; };
		6075AC5628C15E4000FD823A /* AuthenticationModels.swift in Sources */ = {isa = PBXBuildFile; fileRef = 6075AC5028C15E4000FD823A /* AuthenticationModels.swift */; };
		6075AC5728C15E4000FD823A /* AuthenticationViewController.swift in Sources */ = {isa = PBXBuildFile; fileRef = 6075AC5128C15E4000FD823A /* AuthenticationViewController.swift */; };
		6075AC5828C15E4000FD823A /* AuthenticationInteractor.swift in Sources */ = {isa = PBXBuildFile; fileRef = 6075AC5228C15E4000FD823A /* AuthenticationInteractor.swift */; };
		6075AC5A28C210C200FD823A /* PageControllFuncs .swift in Sources */ = {isa = PBXBuildFile; fileRef = 6075AC5928C210C200FD823A /* PageControllFuncs .swift */; };
		6075AC5D28C2217A00FD823A /* AddOnScrollView.swift in Sources */ = {isa = PBXBuildFile; fileRef = 6075AC5C28C2217A00FD823A /* AddOnScrollView.swift */; };
		6075AC5F28C2247100FD823A /* AddOnImageView.swift in Sources */ = {isa = PBXBuildFile; fileRef = 6075AC5E28C2247100FD823A /* AddOnImageView.swift */; };
		6075AC6128C2265100FD823A /* AddHeadLine.swift in Sources */ = {isa = PBXBuildFile; fileRef = 6075AC6028C2265100FD823A /* AddHeadLine.swift */; };
		6075AC6328C28F1600FD823A /* ColorExtensions.swift in Sources */ = {isa = PBXBuildFile; fileRef = 6075AC6228C28F1600FD823A /* ColorExtensions.swift */; };
		6075AC6528C28F3A00FD823A /* LabelExtension.swift in Sources */ = {isa = PBXBuildFile; fileRef = 6075AC6428C28F3A00FD823A /* LabelExtension.swift */; };
		6075AC6728C28FEA00FD823A /* TextFieldExtension.swift in Sources */ = {isa = PBXBuildFile; fileRef = 6075AC6628C28FEA00FD823A /* TextFieldExtension.swift */; };
		6075AC6B28C2BABA00FD823A /* AddSteackviews.swift in Sources */ = {isa = PBXBuildFile; fileRef = 6075AC6A28C2BABA00FD823A /* AddSteackviews.swift */; };
		6075AC6F28C3755400FD823A /* AddMediaButtons.swift in Sources */ = {isa = PBXBuildFile; fileRef = 6075AC6E28C3755400FD823A /* AddMediaButtons.swift */; };
		6075AC7728C3B26F00FD823A /* RegistrationPresenter.swift in Sources */ = {isa = PBXBuildFile; fileRef = 6075AC7128C3B26F00FD823A /* RegistrationPresenter.swift */; };
		6075AC7828C3B26F00FD823A /* RegistrationWorker.swift in Sources */ = {isa = PBXBuildFile; fileRef = 6075AC7228C3B26F00FD823A /* RegistrationWorker.swift */; };
		6075AC7928C3B26F00FD823A /* RegistrationRouter.swift in Sources */ = {isa = PBXBuildFile; fileRef = 6075AC7328C3B26F00FD823A /* RegistrationRouter.swift */; };
		6075AC7A28C3B26F00FD823A /* RegistrationModels.swift in Sources */ = {isa = PBXBuildFile; fileRef = 6075AC7428C3B26F00FD823A /* RegistrationModels.swift */; };
		6075AC7B28C3B26F00FD823A /* RegistrationViewController.swift in Sources */ = {isa = PBXBuildFile; fileRef = 6075AC7528C3B26F00FD823A /* RegistrationViewController.swift */; };
		6075AC7C28C3B26F00FD823A /* RegistrationInteractor.swift in Sources */ = {isa = PBXBuildFile; fileRef = 6075AC7628C3B26F00FD823A /* RegistrationInteractor.swift */; };
		6075AC7F28C3FA9500FD823A /* UserModel.swift in Sources */ = {isa = PBXBuildFile; fileRef = 6075AC7E28C3FA9500FD823A /* UserModel.swift */; };
		6075AC8228C544B600FD823A /* PresentationController.swift in Sources */ = {isa = PBXBuildFile; fileRef = 6075AC8128C544B600FD823A /* PresentationController.swift */; };
		6075AC8428C5476900FD823A /* BottomSheetViewController.swift in Sources */ = {isa = PBXBuildFile; fileRef = 6075AC8328C5476900FD823A /* BottomSheetViewController.swift */; };
		6075AC8628C5FBC600FD823A /* ConfigurAuthVC.swift in Sources */ = {isa = PBXBuildFile; fileRef = 6075AC8528C5FBC600FD823A /* ConfigurAuthVC.swift */; };
		6075AC8828C5FFAF00FD823A /* RegistrationConfiguration.swift in Sources */ = {isa = PBXBuildFile; fileRef = 6075AC8728C5FFAF00FD823A /* RegistrationConfiguration.swift */; };
		6075AC8A28C6095900FD823A /* FiltersViewsCells.swift in Sources */ = {isa = PBXBuildFile; fileRef = 6075AC8928C6095900FD823A /* FiltersViewsCells.swift */; };
		6075AC9128C6496300FD823A /* CategoriesPresenter.swift in Sources */ = {isa = PBXBuildFile; fileRef = 6075AC8B28C6496300FD823A /* CategoriesPresenter.swift */; };
		6075AC9228C6496300FD823A /* CategoriesWorker.swift in Sources */ = {isa = PBXBuildFile; fileRef = 6075AC8C28C6496300FD823A /* CategoriesWorker.swift */; };
		6075AC9328C6496300FD823A /* CategoriesRouter.swift in Sources */ = {isa = PBXBuildFile; fileRef = 6075AC8D28C6496300FD823A /* CategoriesRouter.swift */; };
		6075AC9428C6496300FD823A /* CategoriesModels.swift in Sources */ = {isa = PBXBuildFile; fileRef = 6075AC8E28C6496300FD823A /* CategoriesModels.swift */; };
		6075AC9528C6496300FD823A /* CategoriesViewController.swift in Sources */ = {isa = PBXBuildFile; fileRef = 6075AC8F28C6496300FD823A /* CategoriesViewController.swift */; };
		6075AC9628C6496300FD823A /* CategoriesInteractor.swift in Sources */ = {isa = PBXBuildFile; fileRef = 6075AC9028C6496300FD823A /* CategoriesInteractor.swift */; };
		6075AC9A28C6A50B00FD823A /* SquareCollectionViewCell.swift in Sources */ = {isa = PBXBuildFile; fileRef = 6075AC9928C6A50B00FD823A /* SquareCollectionViewCell.swift */; };
		6075AC9C28C6AF1400FD823A /* LayoutInformation.swift in Sources */ = {isa = PBXBuildFile; fileRef = 6075AC9B28C6AF1400FD823A /* LayoutInformation.swift */; };
		6075ACA328C6B67200FD823A /* EditProfilePresenter.swift in Sources */ = {isa = PBXBuildFile; fileRef = 6075AC9D28C6B67200FD823A /* EditProfilePresenter.swift */; };
		6075ACA428C6B67200FD823A /* EditProfileWorker.swift in Sources */ = {isa = PBXBuildFile; fileRef = 6075AC9E28C6B67200FD823A /* EditProfileWorker.swift */; };
		6075ACA528C6B67200FD823A /* EditProfileRouter.swift in Sources */ = {isa = PBXBuildFile; fileRef = 6075AC9F28C6B67200FD823A /* EditProfileRouter.swift */; };
		6075ACA628C6B67200FD823A /* EditProfileModels.swift in Sources */ = {isa = PBXBuildFile; fileRef = 6075ACA028C6B67200FD823A /* EditProfileModels.swift */; };
		6075ACA728C6B67200FD823A /* EditProfileViewController.swift in Sources */ = {isa = PBXBuildFile; fileRef = 6075ACA128C6B67200FD823A /* EditProfileViewController.swift */; };
		6075ACA828C6B67200FD823A /* EditProfileInteractor.swift in Sources */ = {isa = PBXBuildFile; fileRef = 6075ACA228C6B67200FD823A /* EditProfileInteractor.swift */; };
		6075ACAC28C8030E00FD823A /* ProfileEdditorableViewCell.swift in Sources */ = {isa = PBXBuildFile; fileRef = 6075ACAB28C8030E00FD823A /* ProfileEdditorableViewCell.swift */; };
		6075ACAF28C88DD100FD823A /* ProfileModel.swift in Sources */ = {isa = PBXBuildFile; fileRef = 6075ACAE28C88DD100FD823A /* ProfileModel.swift */; };
		60D07F1828C8E3FC00D8562B /* HomeScenePresenter.swift in Sources */ = {isa = PBXBuildFile; fileRef = 60D07F1228C8E3FC00D8562B /* HomeScenePresenter.swift */; };
		60D07F1928C8E3FC00D8562B /* HomeSceneWorker.swift in Sources */ = {isa = PBXBuildFile; fileRef = 60D07F1328C8E3FC00D8562B /* HomeSceneWorker.swift */; };
		60D07F1A28C8E3FC00D8562B /* HomeSceneRouter.swift in Sources */ = {isa = PBXBuildFile; fileRef = 60D07F1428C8E3FC00D8562B /* HomeSceneRouter.swift */; };
		60D07F1B28C8E3FC00D8562B /* HomeSceneModels.swift in Sources */ = {isa = PBXBuildFile; fileRef = 60D07F1528C8E3FC00D8562B /* HomeSceneModels.swift */; };
		60D07F1C28C8E3FC00D8562B /* HomeSceneViewController.swift in Sources */ = {isa = PBXBuildFile; fileRef = 60D07F1628C8E3FC00D8562B /* HomeSceneViewController.swift */; };
		60D07F1D28C8E3FC00D8562B /* HomeSceneInteractor.swift in Sources */ = {isa = PBXBuildFile; fileRef = 60D07F1728C8E3FC00D8562B /* HomeSceneInteractor.swift */; };
		60D07F2128C925EC00D8562B /* FirstTableViewCell.swift in Sources */ = {isa = PBXBuildFile; fileRef = 60D07F2028C925EC00D8562B /* FirstTableViewCell.swift */; };
		60D07F2428C92A2B00D8562B /* TipsTableViewCell.swift in Sources */ = {isa = PBXBuildFile; fileRef = 60D07F2328C92A2B00D8562B /* TipsTableViewCell.swift */; };
		60D07F2628C92A3E00D8562B /* TipsCollectionViewCell.swift in Sources */ = {isa = PBXBuildFile; fileRef = 60D07F2528C92A3E00D8562B /* TipsCollectionViewCell.swift */; };
		60D07F2A28CA768200D8562B /* JobListTableViewCell.swift in Sources */ = {isa = PBXBuildFile; fileRef = 60D07F2928CA768200D8562B /* JobListTableViewCell.swift */; };
		60D07F2C28CA789900D8562B /* JobModel.swift in Sources */ = {isa = PBXBuildFile; fileRef = 60D07F2B28CA789900D8562B /* JobModel.swift */; };
		60D07F3028CA866F00D8562B /* FilterTableViewCell.swift in Sources */ = {isa = PBXBuildFile; fileRef = 60D07F2F28CA866F00D8562B /* FilterTableViewCell.swift */; };
		60D07F3428CA8C7B00D8562B /* CollectionViewCell.swift in Sources */ = {isa = PBXBuildFile; fileRef = 60D07F3328CA8C7B00D8562B /* CollectionViewCell.swift */; };
		60D07F3628CB33FE00D8562B /* ImageViewExtension.swift in Sources */ = {isa = PBXBuildFile; fileRef = 60D07F3528CB33FE00D8562B /* ImageViewExtension.swift */; };
		60D07F3928CB34B700D8562B /* TipsModel.swift in Sources */ = {isa = PBXBuildFile; fileRef = 60D07F3828CB34B700D8562B /* TipsModel.swift */; };
		60D07F3C28CBF8AE00D8562B /* APIManager.swift in Sources */ = {isa = PBXBuildFile; fileRef = 60D07F3B28CBF8AE00D8562B /* APIManager.swift */; };
		60D07F3E28CBF8C500D8562B /* APIError.swift in Sources */ = {isa = PBXBuildFile; fileRef = 60D07F3D28CBF8C500D8562B /* APIError.swift */; };
		60D07F4028CBFEEA00D8562B /* APIURLS.swift in Sources */ = {isa = PBXBuildFile; fileRef = 60D07F3F28CBFEEA00D8562B /* APIURLS.swift */; };
		60D07F4228CC6A6900D8562B /* HomeSceneConfiguration.swift in Sources */ = {isa = PBXBuildFile; fileRef = 60D07F4128CC6A6900D8562B /* HomeSceneConfiguration.swift */; };
		60D07F4A28CD296600D8562B /* AllTipsListScenePresenter.swift in Sources */ = {isa = PBXBuildFile; fileRef = 60D07F4428CD296600D8562B /* AllTipsListScenePresenter.swift */; };
		60D07F4C28CD296600D8562B /* AllTipsListSceneRouter.swift in Sources */ = {isa = PBXBuildFile; fileRef = 60D07F4628CD296600D8562B /* AllTipsListSceneRouter.swift */; };
		60D07F4D28CD296600D8562B /* AllTipsListSceneModels.swift in Sources */ = {isa = PBXBuildFile; fileRef = 60D07F4728CD296600D8562B /* AllTipsListSceneModels.swift */; };
		60D07F4E28CD296600D8562B /* AllTipsListSceneViewController.swift in Sources */ = {isa = PBXBuildFile; fileRef = 60D07F4828CD296600D8562B /* AllTipsListSceneViewController.swift */; };
		60D07F4F28CD296600D8562B /* AllTipsListSceneInteractor.swift in Sources */ = {isa = PBXBuildFile; fileRef = 60D07F4928CD296600D8562B /* AllTipsListSceneInteractor.swift */; };
		60D07F5128CD298A00D8562B /* AllTipsListSceneConfiguration.swift in Sources */ = {isa = PBXBuildFile; fileRef = 60D07F5028CD298A00D8562B /* AllTipsListSceneConfiguration.swift */; };
		60D07F5828CD2D2B00D8562B /* AllTipsListCollectionViewCell.swift in Sources */ = {isa = PBXBuildFile; fileRef = 60D07F5728CD2D2B00D8562B /* AllTipsListCollectionViewCell.swift */; };
		60D07F5A28CDC9CB00D8562B /* UIViewExtensions.swift in Sources */ = {isa = PBXBuildFile; fileRef = 60D07F5928CDC9CB00D8562B /* UIViewExtensions.swift */; };
		60D07F6228CDCBCE00D8562B /* TipsDetailsScenePresenter.swift in Sources */ = {isa = PBXBuildFile; fileRef = 60D07F5C28CDCBCE00D8562B /* TipsDetailsScenePresenter.swift */; };
		60D07F6328CDCBCE00D8562B /* TipsDetailsSceneWorker.swift in Sources */ = {isa = PBXBuildFile; fileRef = 60D07F5D28CDCBCE00D8562B /* TipsDetailsSceneWorker.swift */; };
		60D07F6428CDCBCE00D8562B /* TipsDetailsSceneRouter.swift in Sources */ = {isa = PBXBuildFile; fileRef = 60D07F5E28CDCBCE00D8562B /* TipsDetailsSceneRouter.swift */; };
		60D07F6528CDCBCE00D8562B /* TipsDetailsSceneModels.swift in Sources */ = {isa = PBXBuildFile; fileRef = 60D07F5F28CDCBCE00D8562B /* TipsDetailsSceneModels.swift */; };
		60D07F6628CDCBCE00D8562B /* TipsDetailsSceneViewController.swift in Sources */ = {isa = PBXBuildFile; fileRef = 60D07F6028CDCBCE00D8562B /* TipsDetailsSceneViewController.swift */; };
		60D07F6728CDCBCE00D8562B /* TipsDetailsSceneInteractor.swift in Sources */ = {isa = PBXBuildFile; fileRef = 60D07F6128CDCBCE00D8562B /* TipsDetailsSceneInteractor.swift */; };
/* End PBXBuildFile section */

/* Begin PBXFileReference section */
		6075AC0128BF911C00FD823A /* JobLabFinal.app */ = {isa = PBXFileReference; explicitFileType = wrapper.application; includeInIndex = 0; path = JobLabFinal.app; sourceTree = BUILT_PRODUCTS_DIR; };
		6075AC0428BF911C00FD823A /* AppDelegate.swift */ = {isa = PBXFileReference; lastKnownFileType = sourcecode.swift; path = AppDelegate.swift; sourceTree = "<group>"; };
		6075AC0628BF911C00FD823A /* SceneDelegate.swift */ = {isa = PBXFileReference; lastKnownFileType = sourcecode.swift; path = SceneDelegate.swift; sourceTree = "<group>"; };
		6075AC0E28BF911C00FD823A /* JobLabFinal.xcdatamodel */ = {isa = PBXFileReference; lastKnownFileType = wrapper.xcdatamodel; path = JobLabFinal.xcdatamodel; sourceTree = "<group>"; };
		6075AC1028BF911D00FD823A /* Assets.xcassets */ = {isa = PBXFileReference; lastKnownFileType = folder.assetcatalog; path = Assets.xcassets; sourceTree = "<group>"; };
		6075AC1328BF911D00FD823A /* Base */ = {isa = PBXFileReference; lastKnownFileType = file.storyboard; name = Base; path = Base.lproj/LaunchScreen.storyboard; sourceTree = "<group>"; };
		6075AC1528BF911D00FD823A /* Info.plist */ = {isa = PBXFileReference; lastKnownFileType = text.plist.xml; path = Info.plist; sourceTree = "<group>"; };
		6075AC1F28BF922E00FD823A /* OnBoardingPresenter.swift */ = {isa = PBXFileReference; lastKnownFileType = sourcecode.swift; path = OnBoardingPresenter.swift; sourceTree = "<group>"; };
		6075AC2028BF922E00FD823A /* OnBoardingWorker.swift */ = {isa = PBXFileReference; lastKnownFileType = sourcecode.swift; path = OnBoardingWorker.swift; sourceTree = "<group>"; };
		6075AC2128BF922E00FD823A /* OnBoardingRouter.swift */ = {isa = PBXFileReference; lastKnownFileType = sourcecode.swift; path = OnBoardingRouter.swift; sourceTree = "<group>"; };
		6075AC2228BF922E00FD823A /* OnBoardingModels.swift */ = {isa = PBXFileReference; lastKnownFileType = sourcecode.swift; path = OnBoardingModels.swift; sourceTree = "<group>"; };
		6075AC2328BF922E00FD823A /* OnBoardingViewController.swift */ = {isa = PBXFileReference; lastKnownFileType = sourcecode.swift; path = OnBoardingViewController.swift; sourceTree = "<group>"; };
		6075AC2428BF922E00FD823A /* OnBoardingInteractor.swift */ = {isa = PBXFileReference; lastKnownFileType = sourcecode.swift; path = OnBoardingInteractor.swift; sourceTree = "<group>"; };
		6075AC2B28BF926300FD823A /* OnBoardingConfigure.swift */ = {isa = PBXFileReference; lastKnownFileType = sourcecode.swift; path = OnBoardingConfigure.swift; sourceTree = "<group>"; };
		6075AC2F28BF954A00FD823A /* OnBoardingModel.swift */ = {isa = PBXFileReference; lastKnownFileType = sourcecode.swift; path = OnBoardingModel.swift; sourceTree = "<group>"; };
		6075AC3228BFA43800FD823A /* OnboardCollectionViewCell.swift */ = {isa = PBXFileReference; lastKnownFileType = sourcecode.swift; path = OnboardCollectionViewCell.swift; sourceTree = "<group>"; };
		6075AC3728C0999400FD823A /* CustomCollectionViewExtension .swift */ = {isa = PBXFileReference; lastKnownFileType = sourcecode.swift; path = "CustomCollectionViewExtension .swift"; sourceTree = "<group>"; };
		6075AC3A28C09F3E00FD823A /* ConstraintsExtensions.swift */ = {isa = PBXFileReference; lastKnownFileType = sourcecode.swift; path = ConstraintsExtensions.swift; sourceTree = "<group>"; };
		6075AC3F28C09F8F00FD823A /* AllertMessageExt.swift */ = {isa = PBXFileReference; lastKnownFileType = sourcecode.swift; path = AllertMessageExt.swift; sourceTree = "<group>"; };
		6075AC4128C0A3E200FD823A /* CollectionViewExtensions.swift */ = {isa = PBXFileReference; lastKnownFileType = sourcecode.swift; path = CollectionViewExtensions.swift; sourceTree = "<group>"; };
		6075AC4528C0A46700FD823A /* TableVExtensions.swift */ = {isa = PBXFileReference; lastKnownFileType = sourcecode.swift; path = TableVExtensions.swift; sourceTree = "<group>"; };
		6075AC4A28C0DD6B00FD823A /* SetUpViewExtensions.swift */ = {isa = PBXFileReference; lastKnownFileType = sourcecode.swift; path = SetUpViewExtensions.swift; sourceTree = "<group>"; };
		6075AC4D28C15E4000FD823A /* AuthenticationPresenter.swift */ = {isa = PBXFileReference; lastKnownFileType = sourcecode.swift; path = AuthenticationPresenter.swift; sourceTree = "<group>"; };
		6075AC4E28C15E4000FD823A /* AuthenticationWorker.swift */ = {isa = PBXFileReference; lastKnownFileType = sourcecode.swift; path = AuthenticationWorker.swift; sourceTree = "<group>"; };
		6075AC4F28C15E4000FD823A /* AuthenticationRouter.swift */ = {isa = PBXFileReference; lastKnownFileType = sourcecode.swift; path = AuthenticationRouter.swift; sourceTree = "<group>"; };
		6075AC5028C15E4000FD823A /* AuthenticationModels.swift */ = {isa = PBXFileReference; lastKnownFileType = sourcecode.swift; path = AuthenticationModels.swift; sourceTree = "<group>"; };
		6075AC5128C15E4000FD823A /* AuthenticationViewController.swift */ = {isa = PBXFileReference; lastKnownFileType = sourcecode.swift; path = AuthenticationViewController.swift; sourceTree = "<group>"; };
		6075AC5228C15E4000FD823A /* AuthenticationInteractor.swift */ = {isa = PBXFileReference; lastKnownFileType = sourcecode.swift; path = AuthenticationInteractor.swift; sourceTree = "<group>"; };
		6075AC5928C210C200FD823A /* PageControllFuncs .swift */ = {isa = PBXFileReference; lastKnownFileType = sourcecode.swift; path = "PageControllFuncs .swift"; sourceTree = "<group>"; };
		6075AC5C28C2217A00FD823A /* AddOnScrollView.swift */ = {isa = PBXFileReference; lastKnownFileType = sourcecode.swift; path = AddOnScrollView.swift; sourceTree = "<group>"; };
		6075AC5E28C2247100FD823A /* AddOnImageView.swift */ = {isa = PBXFileReference; lastKnownFileType = sourcecode.swift; path = AddOnImageView.swift; sourceTree = "<group>"; };
		6075AC6028C2265100FD823A /* AddHeadLine.swift */ = {isa = PBXFileReference; lastKnownFileType = sourcecode.swift; path = AddHeadLine.swift; sourceTree = "<group>"; };
		6075AC6228C28F1600FD823A /* ColorExtensions.swift */ = {isa = PBXFileReference; lastKnownFileType = sourcecode.swift; path = ColorExtensions.swift; sourceTree = "<group>"; };
		6075AC6428C28F3A00FD823A /* LabelExtension.swift */ = {isa = PBXFileReference; lastKnownFileType = sourcecode.swift; path = LabelExtension.swift; sourceTree = "<group>"; };
		6075AC6628C28FEA00FD823A /* TextFieldExtension.swift */ = {isa = PBXFileReference; lastKnownFileType = sourcecode.swift; path = TextFieldExtension.swift; sourceTree = "<group>"; };
		6075AC6A28C2BABA00FD823A /* AddSteackviews.swift */ = {isa = PBXFileReference; lastKnownFileType = sourcecode.swift; path = AddSteackviews.swift; sourceTree = "<group>"; };
		6075AC6E28C3755400FD823A /* AddMediaButtons.swift */ = {isa = PBXFileReference; lastKnownFileType = sourcecode.swift; path = AddMediaButtons.swift; sourceTree = "<group>"; };
		6075AC7128C3B26F00FD823A /* RegistrationPresenter.swift */ = {isa = PBXFileReference; lastKnownFileType = sourcecode.swift; path = RegistrationPresenter.swift; sourceTree = "<group>"; };
		6075AC7228C3B26F00FD823A /* RegistrationWorker.swift */ = {isa = PBXFileReference; lastKnownFileType = sourcecode.swift; path = RegistrationWorker.swift; sourceTree = "<group>"; };
		6075AC7328C3B26F00FD823A /* RegistrationRouter.swift */ = {isa = PBXFileReference; lastKnownFileType = sourcecode.swift; path = RegistrationRouter.swift; sourceTree = "<group>"; };
		6075AC7428C3B26F00FD823A /* RegistrationModels.swift */ = {isa = PBXFileReference; lastKnownFileType = sourcecode.swift; path = RegistrationModels.swift; sourceTree = "<group>"; };
		6075AC7528C3B26F00FD823A /* RegistrationViewController.swift */ = {isa = PBXFileReference; lastKnownFileType = sourcecode.swift; path = RegistrationViewController.swift; sourceTree = "<group>"; };
		6075AC7628C3B26F00FD823A /* RegistrationInteractor.swift */ = {isa = PBXFileReference; lastKnownFileType = sourcecode.swift; path = RegistrationInteractor.swift; sourceTree = "<group>"; };
		6075AC7E28C3FA9500FD823A /* UserModel.swift */ = {isa = PBXFileReference; lastKnownFileType = sourcecode.swift; path = UserModel.swift; sourceTree = "<group>"; };
		6075AC8128C544B600FD823A /* PresentationController.swift */ = {isa = PBXFileReference; lastKnownFileType = sourcecode.swift; path = PresentationController.swift; sourceTree = "<group>"; };
		6075AC8328C5476900FD823A /* BottomSheetViewController.swift */ = {isa = PBXFileReference; lastKnownFileType = sourcecode.swift; path = BottomSheetViewController.swift; sourceTree = "<group>"; };
		6075AC8528C5FBC600FD823A /* ConfigurAuthVC.swift */ = {isa = PBXFileReference; lastKnownFileType = sourcecode.swift; path = ConfigurAuthVC.swift; sourceTree = "<group>"; };
		6075AC8728C5FFAF00FD823A /* RegistrationConfiguration.swift */ = {isa = PBXFileReference; lastKnownFileType = sourcecode.swift; path = RegistrationConfiguration.swift; sourceTree = "<group>"; };
		6075AC8928C6095900FD823A /* FiltersViewsCells.swift */ = {isa = PBXFileReference; lastKnownFileType = sourcecode.swift; path = FiltersViewsCells.swift; sourceTree = "<group>"; };
		6075AC8B28C6496300FD823A /* CategoriesPresenter.swift */ = {isa = PBXFileReference; lastKnownFileType = sourcecode.swift; path = CategoriesPresenter.swift; sourceTree = "<group>"; };
		6075AC8C28C6496300FD823A /* CategoriesWorker.swift */ = {isa = PBXFileReference; lastKnownFileType = sourcecode.swift; path = CategoriesWorker.swift; sourceTree = "<group>"; };
		6075AC8D28C6496300FD823A /* CategoriesRouter.swift */ = {isa = PBXFileReference; lastKnownFileType = sourcecode.swift; path = CategoriesRouter.swift; sourceTree = "<group>"; };
		6075AC8E28C6496300FD823A /* CategoriesModels.swift */ = {isa = PBXFileReference; lastKnownFileType = sourcecode.swift; path = CategoriesModels.swift; sourceTree = "<group>"; };
		6075AC8F28C6496300FD823A /* CategoriesViewController.swift */ = {isa = PBXFileReference; lastKnownFileType = sourcecode.swift; path = CategoriesViewController.swift; sourceTree = "<group>"; };
		6075AC9028C6496300FD823A /* CategoriesInteractor.swift */ = {isa = PBXFileReference; lastKnownFileType = sourcecode.swift; path = CategoriesInteractor.swift; sourceTree = "<group>"; };
		6075AC9928C6A50B00FD823A /* SquareCollectionViewCell.swift */ = {isa = PBXFileReference; lastKnownFileType = sourcecode.swift; path = SquareCollectionViewCell.swift; sourceTree = "<group>"; };
		6075AC9B28C6AF1400FD823A /* LayoutInformation.swift */ = {isa = PBXFileReference; lastKnownFileType = sourcecode.swift; path = LayoutInformation.swift; sourceTree = "<group>"; };
		6075AC9D28C6B67200FD823A /* EditProfilePresenter.swift */ = {isa = PBXFileReference; lastKnownFileType = sourcecode.swift; path = EditProfilePresenter.swift; sourceTree = "<group>"; };
		6075AC9E28C6B67200FD823A /* EditProfileWorker.swift */ = {isa = PBXFileReference; lastKnownFileType = sourcecode.swift; path = EditProfileWorker.swift; sourceTree = "<group>"; };
		6075AC9F28C6B67200FD823A /* EditProfileRouter.swift */ = {isa = PBXFileReference; lastKnownFileType = sourcecode.swift; path = EditProfileRouter.swift; sourceTree = "<group>"; };
		6075ACA028C6B67200FD823A /* EditProfileModels.swift */ = {isa = PBXFileReference; lastKnownFileType = sourcecode.swift; path = EditProfileModels.swift; sourceTree = "<group>"; };
		6075ACA128C6B67200FD823A /* EditProfileViewController.swift */ = {isa = PBXFileReference; lastKnownFileType = sourcecode.swift; path = EditProfileViewController.swift; sourceTree = "<group>"; };
		6075ACA228C6B67200FD823A /* EditProfileInteractor.swift */ = {isa = PBXFileReference; lastKnownFileType = sourcecode.swift; path = EditProfileInteractor.swift; sourceTree = "<group>"; };
		6075ACAB28C8030E00FD823A /* ProfileEdditorableViewCell.swift */ = {isa = PBXFileReference; lastKnownFileType = sourcecode.swift; path = ProfileEdditorableViewCell.swift; sourceTree = "<group>"; };
		6075ACAE28C88DD100FD823A /* ProfileModel.swift */ = {isa = PBXFileReference; lastKnownFileType = sourcecode.swift; path = ProfileModel.swift; sourceTree = "<group>"; };
		60D07F1228C8E3FC00D8562B /* HomeScenePresenter.swift */ = {isa = PBXFileReference; lastKnownFileType = sourcecode.swift; path = HomeScenePresenter.swift; sourceTree = "<group>"; };
		60D07F1328C8E3FC00D8562B /* HomeSceneWorker.swift */ = {isa = PBXFileReference; lastKnownFileType = sourcecode.swift; path = HomeSceneWorker.swift; sourceTree = "<group>"; };
		60D07F1428C8E3FC00D8562B /* HomeSceneRouter.swift */ = {isa = PBXFileReference; lastKnownFileType = sourcecode.swift; path = HomeSceneRouter.swift; sourceTree = "<group>"; };
		60D07F1528C8E3FC00D8562B /* HomeSceneModels.swift */ = {isa = PBXFileReference; lastKnownFileType = sourcecode.swift; path = HomeSceneModels.swift; sourceTree = "<group>"; };
		60D07F1628C8E3FC00D8562B /* HomeSceneViewController.swift */ = {isa = PBXFileReference; lastKnownFileType = sourcecode.swift; path = HomeSceneViewController.swift; sourceTree = "<group>"; };
		60D07F1728C8E3FC00D8562B /* HomeSceneInteractor.swift */ = {isa = PBXFileReference; lastKnownFileType = sourcecode.swift; path = HomeSceneInteractor.swift; sourceTree = "<group>"; };
		60D07F2028C925EC00D8562B /* FirstTableViewCell.swift */ = {isa = PBXFileReference; lastKnownFileType = sourcecode.swift; path = FirstTableViewCell.swift; sourceTree = "<group>"; };
		60D07F2328C92A2B00D8562B /* TipsTableViewCell.swift */ = {isa = PBXFileReference; lastKnownFileType = sourcecode.swift; path = TipsTableViewCell.swift; sourceTree = "<group>"; };
		60D07F2528C92A3E00D8562B /* TipsCollectionViewCell.swift */ = {isa = PBXFileReference; lastKnownFileType = sourcecode.swift; path = TipsCollectionViewCell.swift; sourceTree = "<group>"; };
		60D07F2928CA768200D8562B /* JobListTableViewCell.swift */ = {isa = PBXFileReference; lastKnownFileType = sourcecode.swift; path = JobListTableViewCell.swift; sourceTree = "<group>"; };
		60D07F2B28CA789900D8562B /* JobModel.swift */ = {isa = PBXFileReference; lastKnownFileType = sourcecode.swift; path = JobModel.swift; sourceTree = "<group>"; };
		60D07F2F28CA866F00D8562B /* FilterTableViewCell.swift */ = {isa = PBXFileReference; lastKnownFileType = sourcecode.swift; path = FilterTableViewCell.swift; sourceTree = "<group>"; };
		60D07F3328CA8C7B00D8562B /* CollectionViewCell.swift */ = {isa = PBXFileReference; lastKnownFileType = sourcecode.swift; path = CollectionViewCell.swift; sourceTree = "<group>"; };
		60D07F3528CB33FE00D8562B /* ImageViewExtension.swift */ = {isa = PBXFileReference; lastKnownFileType = sourcecode.swift; path = ImageViewExtension.swift; sourceTree = "<group>"; };
		60D07F3828CB34B700D8562B /* TipsModel.swift */ = {isa = PBXFileReference; lastKnownFileType = sourcecode.swift; path = TipsModel.swift; sourceTree = "<group>"; };
		60D07F3B28CBF8AE00D8562B /* APIManager.swift */ = {isa = PBXFileReference; lastKnownFileType = sourcecode.swift; path = APIManager.swift; sourceTree = "<group>"; };
		60D07F3D28CBF8C500D8562B /* APIError.swift */ = {isa = PBXFileReference; lastKnownFileType = sourcecode.swift; path = APIError.swift; sourceTree = "<group>"; };
		60D07F3F28CBFEEA00D8562B /* APIURLS.swift */ = {isa = PBXFileReference; lastKnownFileType = sourcecode.swift; path = APIURLS.swift; sourceTree = "<group>"; };
		60D07F4128CC6A6900D8562B /* HomeSceneConfiguration.swift */ = {isa = PBXFileReference; lastKnownFileType = sourcecode.swift; path = HomeSceneConfiguration.swift; sourceTree = "<group>"; };
		60D07F4428CD296600D8562B /* AllTipsListScenePresenter.swift */ = {isa = PBXFileReference; lastKnownFileType = sourcecode.swift; path = AllTipsListScenePresenter.swift; sourceTree = "<group>"; };
		60D07F4628CD296600D8562B /* AllTipsListSceneRouter.swift */ = {isa = PBXFileReference; lastKnownFileType = sourcecode.swift; path = AllTipsListSceneRouter.swift; sourceTree = "<group>"; };
		60D07F4728CD296600D8562B /* AllTipsListSceneModels.swift */ = {isa = PBXFileReference; lastKnownFileType = sourcecode.swift; path = AllTipsListSceneModels.swift; sourceTree = "<group>"; };
		60D07F4828CD296600D8562B /* AllTipsListSceneViewController.swift */ = {isa = PBXFileReference; lastKnownFileType = sourcecode.swift; path = AllTipsListSceneViewController.swift; sourceTree = "<group>"; };
		60D07F4928CD296600D8562B /* AllTipsListSceneInteractor.swift */ = {isa = PBXFileReference; lastKnownFileType = sourcecode.swift; path = AllTipsListSceneInteractor.swift; sourceTree = "<group>"; };
		60D07F5028CD298A00D8562B /* AllTipsListSceneConfiguration.swift */ = {isa = PBXFileReference; lastKnownFileType = sourcecode.swift; path = AllTipsListSceneConfiguration.swift; sourceTree = "<group>"; };
		60D07F5728CD2D2B00D8562B /* AllTipsListCollectionViewCell.swift */ = {isa = PBXFileReference; lastKnownFileType = sourcecode.swift; path = AllTipsListCollectionViewCell.swift; sourceTree = "<group>"; };
		60D07F5928CDC9CB00D8562B /* UIViewExtensions.swift */ = {isa = PBXFileReference; lastKnownFileType = sourcecode.swift; path = UIViewExtensions.swift; sourceTree = "<group>"; };
		60D07F5C28CDCBCE00D8562B /* TipsDetailsScenePresenter.swift */ = {isa = PBXFileReference; lastKnownFileType = sourcecode.swift; path = TipsDetailsScenePresenter.swift; sourceTree = "<group>"; };
		60D07F5D28CDCBCE00D8562B /* TipsDetailsSceneWorker.swift */ = {isa = PBXFileReference; lastKnownFileType = sourcecode.swift; path = TipsDetailsSceneWorker.swift; sourceTree = "<group>"; };
		60D07F5E28CDCBCE00D8562B /* TipsDetailsSceneRouter.swift */ = {isa = PBXFileReference; lastKnownFileType = sourcecode.swift; path = TipsDetailsSceneRouter.swift; sourceTree = "<group>"; };
		60D07F5F28CDCBCE00D8562B /* TipsDetailsSceneModels.swift */ = {isa = PBXFileReference; lastKnownFileType = sourcecode.swift; path = TipsDetailsSceneModels.swift; sourceTree = "<group>"; };
		60D07F6028CDCBCE00D8562B /* TipsDetailsSceneViewController.swift */ = {isa = PBXFileReference; lastKnownFileType = sourcecode.swift; path = TipsDetailsSceneViewController.swift; sourceTree = "<group>"; };
		60D07F6128CDCBCE00D8562B /* TipsDetailsSceneInteractor.swift */ = {isa = PBXFileReference; lastKnownFileType = sourcecode.swift; path = TipsDetailsSceneInteractor.swift; sourceTree = "<group>"; };
/* End PBXFileReference section */

/* Begin PBXFrameworksBuildPhase section */
		6075ABFE28BF911C00FD823A /* Frameworks */ = {
			isa = PBXFrameworksBuildPhase;
			buildActionMask = 2147483647;
			files = (
			);
			runOnlyForDeploymentPostprocessing = 0;
		};
/* End PBXFrameworksBuildPhase section */

/* Begin PBXGroup section */
		6075ABF828BF911C00FD823A = {
			isa = PBXGroup;
			children = (
				6075AC0328BF911C00FD823A /* JobLabFinal */,
				6075AC0228BF911C00FD823A /* Products */,
			);
			sourceTree = "<group>";
		};
		6075AC0228BF911C00FD823A /* Products */ = {
			isa = PBXGroup;
			children = (
				6075AC0128BF911C00FD823A /* JobLabFinal.app */,
			);
			name = Products;
			sourceTree = "<group>";
		};
		6075AC0328BF911C00FD823A /* JobLabFinal */ = {
			isa = PBXGroup;
			children = (
				6075AC1B28BF912B00FD823A /* App */,
				6075AC3928C09F2C00FD823A /* Utilities */,
				6075AC2D28BF951F00FD823A /* Model */,
				60D07F3A28CBF8A300D8562B /* API */,
				6075AC1D28BF918D00FD823A /* Scene */,
				6075AC1C28BF915E00FD823A /* Resources */,
				6075AC1528BF911D00FD823A /* Info.plist */,
			);
			path = JobLabFinal;
			sourceTree = "<group>";
		};
		6075AC1B28BF912B00FD823A /* App */ = {
			isa = PBXGroup;
			children = (
				6075AC0428BF911C00FD823A /* AppDelegate.swift */,
				6075AC0628BF911C00FD823A /* SceneDelegate.swift */,
			);
			path = App;
			sourceTree = "<group>";
		};
		6075AC1C28BF915E00FD823A /* Resources */ = {
			isa = PBXGroup;
			children = (
				6075AC1028BF911D00FD823A /* Assets.xcassets */,
				6075AC1228BF911D00FD823A /* LaunchScreen.storyboard */,
				6075AC0D28BF911C00FD823A /* JobLabFinal.xcdatamodeld */,
			);
			path = Resources;
			sourceTree = "<group>";
		};
		6075AC1D28BF918D00FD823A /* Scene */ = {
			isa = PBXGroup;
			children = (
				60D07F5B28CDCAB100D8562B /* TipsDetailsScene */,
				60D07F4328CD292E00D8562B /* TipsListScene */,
				60D07F1128C8E3AD00D8562B /* HomeScene  */,
				6075ACA928C6B67C00FD823A /* EditProfile */,
				6075AC9728C6496A00FD823A /* Categories */,
				6075AC8028C5449E00FD823A /* BottomSheet  */,
				6075AC7028C3B25200FD823A /* Registration */,
				6075AC4C28C15E0600FD823A /* Authentication */,
				6075AC1E28BF919700FD823A /* OnBoarding */,
			);
			path = Scene;
			sourceTree = "<group>";
		};
		6075AC1E28BF919700FD823A /* OnBoarding */ = {
			isa = PBXGroup;
			children = (
				6075AC4928C0DD4400FD823A /* SetUpViewExtensions */,
				6075AC3128BFA41600FD823A /* OnBoardCollectionViewCell */,
				6075AC2B28BF926300FD823A /* OnBoardingConfigure.swift */,
				6075AC2328BF922E00FD823A /* OnBoardingViewController.swift */,
				6075AC2428BF922E00FD823A /* OnBoardingInteractor.swift */,
				6075AC1F28BF922E00FD823A /* OnBoardingPresenter.swift */,
				6075AC2028BF922E00FD823A /* OnBoardingWorker.swift */,
				6075AC2128BF922E00FD823A /* OnBoardingRouter.swift */,
				6075AC2228BF922E00FD823A /* OnBoardingModels.swift */,
			);
			path = OnBoarding;
			sourceTree = "<group>";
		};
		6075AC2D28BF951F00FD823A /* Model */ = {
			isa = PBXGroup;
			children = (
				60D07F3728CB34A800D8562B /* TipsModel */,
				6075AC2E28BF953300FD823A /* OnBoarding */,
				6075AC7D28C3FA8100FD823A /* UserModel */,
				60D07F2B28CA789900D8562B /* JobModel.swift */,
			);
			path = Model;
			sourceTree = "<group>";
		};
		6075AC2E28BF953300FD823A /* OnBoarding */ = {
			isa = PBXGroup;
			children = (
				6075AC2F28BF954A00FD823A /* OnBoardingModel.swift */,
			);
			path = OnBoarding;
			sourceTree = "<group>";
		};
		6075AC3128BFA41600FD823A /* OnBoardCollectionViewCell */ = {
			isa = PBXGroup;
			children = (
				6075AC3228BFA43800FD823A /* OnboardCollectionViewCell.swift */,
				6075AC3728C0999400FD823A /* CustomCollectionViewExtension .swift */,
			);
			path = OnBoardCollectionViewCell;
			sourceTree = "<group>";
		};
		6075AC3928C09F2C00FD823A /* Utilities */ = {
			isa = PBXGroup;
			children = (
				6075AC3E28C09F7600FD823A /* AllertMessagesExtensions */,
				6075AC3D28C09F5600FD823A /* TableViewExtensions */,
				6075AC3C28C09F4C00FD823A /* CollectionViewExtensions */,
				6075AC3A28C09F3E00FD823A /* ConstraintsExtensions.swift */,
				6075AC6228C28F1600FD823A /* ColorExtensions.swift */,
				6075AC6428C28F3A00FD823A /* LabelExtension.swift */,
				6075AC6628C28FEA00FD823A /* TextFieldExtension.swift */,
				60D07F3528CB33FE00D8562B /* ImageViewExtension.swift */,
			);
			path = Utilities;
			sourceTree = "<group>";
		};
		6075AC3C28C09F4C00FD823A /* CollectionViewExtensions */ = {
			isa = PBXGroup;
			children = (
				6075AC4128C0A3E200FD823A /* CollectionViewExtensions.swift */,
				60D07F5928CDC9CB00D8562B /* UIViewExtensions.swift */,
			);
			path = CollectionViewExtensions;
			sourceTree = "<group>";
		};
		6075AC3D28C09F5600FD823A /* TableViewExtensions */ = {
			isa = PBXGroup;
			children = (
				6075AC4528C0A46700FD823A /* TableVExtensions.swift */,
			);
			path = TableViewExtensions;
			sourceTree = "<group>";
		};
		6075AC3E28C09F7600FD823A /* AllertMessagesExtensions */ = {
			isa = PBXGroup;
			children = (
				6075AC3F28C09F8F00FD823A /* AllertMessageExt.swift */,
			);
			path = AllertMessagesExtensions;
			sourceTree = "<group>";
		};
		6075AC4928C0DD4400FD823A /* SetUpViewExtensions */ = {
			isa = PBXGroup;
			children = (
				6075AC5928C210C200FD823A /* PageControllFuncs .swift */,
				6075AC4A28C0DD6B00FD823A /* SetUpViewExtensions.swift */,
			);
			path = SetUpViewExtensions;
			sourceTree = "<group>";
		};
		6075AC4C28C15E0600FD823A /* Authentication */ = {
			isa = PBXGroup;
			children = (
				6075AC5B28C2215700FD823A /* AddConstraintsToAView */,
				6075AC4D28C15E4000FD823A /* AuthenticationPresenter.swift */,
				6075AC4E28C15E4000FD823A /* AuthenticationWorker.swift */,
				6075AC4F28C15E4000FD823A /* AuthenticationRouter.swift */,
				6075AC5028C15E4000FD823A /* AuthenticationModels.swift */,
				6075AC5128C15E4000FD823A /* AuthenticationViewController.swift */,
				6075AC5228C15E4000FD823A /* AuthenticationInteractor.swift */,
				6075AC8528C5FBC600FD823A /* ConfigurAuthVC.swift */,
			);
			path = Authentication;
			sourceTree = "<group>";
		};
		6075AC5B28C2215700FD823A /* AddConstraintsToAView */ = {
			isa = PBXGroup;
			children = (
				6075AC5C28C2217A00FD823A /* AddOnScrollView.swift */,
				6075AC5E28C2247100FD823A /* AddOnImageView.swift */,
				6075AC6028C2265100FD823A /* AddHeadLine.swift */,
				6075AC6A28C2BABA00FD823A /* AddSteackviews.swift */,
				6075AC6E28C3755400FD823A /* AddMediaButtons.swift */,
			);
			path = AddConstraintsToAView;
			sourceTree = "<group>";
		};
		6075AC7028C3B25200FD823A /* Registration */ = {
			isa = PBXGroup;
			children = (
				6075AC7128C3B26F00FD823A /* RegistrationPresenter.swift */,
				6075AC7228C3B26F00FD823A /* RegistrationWorker.swift */,
				6075AC7328C3B26F00FD823A /* RegistrationRouter.swift */,
				6075AC7428C3B26F00FD823A /* RegistrationModels.swift */,
				6075AC7528C3B26F00FD823A /* RegistrationViewController.swift */,
				6075AC7628C3B26F00FD823A /* RegistrationInteractor.swift */,
				6075AC8728C5FFAF00FD823A /* RegistrationConfiguration.swift */,
			);
			path = Registration;
			sourceTree = "<group>";
		};
		6075AC7D28C3FA8100FD823A /* UserModel */ = {
			isa = PBXGroup;
			children = (
				6075AC7E28C3FA9500FD823A /* UserModel.swift */,
			);
			path = UserModel;
			sourceTree = "<group>";
		};
		6075AC8028C5449E00FD823A /* BottomSheet  */ = {
			isa = PBXGroup;
			children = (
				6075AC8128C544B600FD823A /* PresentationController.swift */,
				6075AC8328C5476900FD823A /* BottomSheetViewController.swift */,
				6075AC8928C6095900FD823A /* FiltersViewsCells.swift */,
			);
			path = "BottomSheet ";
			sourceTree = "<group>";
		};
		6075AC9728C6496A00FD823A /* Categories */ = {
			isa = PBXGroup;
			children = (
				6075AC9828C6A4E600FD823A /* CircleCells */,
				6075AC8F28C6496300FD823A /* CategoriesViewController.swift */,
				6075AC8B28C6496300FD823A /* CategoriesPresenter.swift */,
				6075AC8C28C6496300FD823A /* CategoriesWorker.swift */,
				6075AC8D28C6496300FD823A /* CategoriesRouter.swift */,
				6075AC8E28C6496300FD823A /* CategoriesModels.swift */,
				6075AC9028C6496300FD823A /* CategoriesInteractor.swift */,
			);
			path = Categories;
			sourceTree = "<group>";
		};
		6075AC9828C6A4E600FD823A /* CircleCells */ = {
			isa = PBXGroup;
			children = (
				6075AC9928C6A50B00FD823A /* SquareCollectionViewCell.swift */,
				6075AC9B28C6AF1400FD823A /* LayoutInformation.swift */,
			);
			path = CircleCells;
			sourceTree = "<group>";
		};
		6075ACA928C6B67C00FD823A /* EditProfile */ = {
			isa = PBXGroup;
			children = (
				6075ACAD28C88DB300FD823A /* ProfileModel */,
				6075ACAA28C802A900FD823A /* ProfileEditorTableView */,
				6075AC9D28C6B67200FD823A /* EditProfilePresenter.swift */,
				6075AC9E28C6B67200FD823A /* EditProfileWorker.swift */,
				6075AC9F28C6B67200FD823A /* EditProfileRouter.swift */,
				6075ACA028C6B67200FD823A /* EditProfileModels.swift */,
				6075ACA128C6B67200FD823A /* EditProfileViewController.swift */,
				6075ACA228C6B67200FD823A /* EditProfileInteractor.swift */,
			);
			path = EditProfile;
			sourceTree = "<group>";
		};
		6075ACAA28C802A900FD823A /* ProfileEditorTableView */ = {
			isa = PBXGroup;
			children = (
				6075ACAB28C8030E00FD823A /* ProfileEdditorableViewCell.swift */,
			);
			path = ProfileEditorTableView;
			sourceTree = "<group>";
		};
		6075ACAD28C88DB300FD823A /* ProfileModel */ = {
			isa = PBXGroup;
			children = (
				6075ACAE28C88DD100FD823A /* ProfileModel.swift */,
			);
			path = ProfileModel;
			sourceTree = "<group>";
		};
		60D07F1128C8E3AD00D8562B /* HomeScene  */ = {
			isa = PBXGroup;
			children = (
				60D07F1E28C925A000D8562B /* Cells */,
				60D07F4128CC6A6900D8562B /* HomeSceneConfiguration.swift */,
				60D07F1628C8E3FC00D8562B /* HomeSceneViewController.swift */,
				60D07F1728C8E3FC00D8562B /* HomeSceneInteractor.swift */,
				60D07F1228C8E3FC00D8562B /* HomeScenePresenter.swift */,
				60D07F1328C8E3FC00D8562B /* HomeSceneWorker.swift */,
				60D07F1428C8E3FC00D8562B /* HomeSceneRouter.swift */,
				60D07F1528C8E3FC00D8562B /* HomeSceneModels.swift */,
			);
			path = "HomeScene ";
			sourceTree = "<group>";
		};
		60D07F1E28C925A000D8562B /* Cells */ = {
			isa = PBXGroup;
			children = (
				60D07F2E28CA865700D8562B /* FillterCell */,
				60D07F2D28CA7D7E00D8562B /* JobListCell */,
				60D07F2228C92A0D00D8562B /* HorizontalCells */,
				60D07F1F28C925A500D8562B /* TipsForyou&Button  */,
			);
			path = Cells;
			sourceTree = "<group>";
		};
		60D07F1F28C925A500D8562B /* TipsForyou&Button  */ = {
			isa = PBXGroup;
			children = (
				60D07F2028C925EC00D8562B /* FirstTableViewCell.swift */,
			);
			path = "TipsForyou&Button ";
			sourceTree = "<group>";
		};
		60D07F2228C92A0D00D8562B /* HorizontalCells */ = {
			isa = PBXGroup;
			children = (
				60D07F2328C92A2B00D8562B /* TipsTableViewCell.swift */,
				60D07F2528C92A3E00D8562B /* TipsCollectionViewCell.swift */,
			);
			path = HorizontalCells;
			sourceTree = "<group>";
		};
		60D07F2D28CA7D7E00D8562B /* JobListCell */ = {
			isa = PBXGroup;
			children = (
				60D07F2928CA768200D8562B /* JobListTableViewCell.swift */,
			);
			path = JobListCell;
			sourceTree = "<group>";
		};
		60D07F2E28CA865700D8562B /* FillterCell */ = {
			isa = PBXGroup;
			children = (
				60D07F2F28CA866F00D8562B /* FilterTableViewCell.swift */,
				60D07F3328CA8C7B00D8562B /* CollectionViewCell.swift */,
			);
			path = FillterCell;
			sourceTree = "<group>";
		};
		60D07F3728CB34A800D8562B /* TipsModel */ = {
			isa = PBXGroup;
			children = (
				60D07F3828CB34B700D8562B /* TipsModel.swift */,
			);
			path = TipsModel;
			sourceTree = "<group>";
		};
		60D07F3A28CBF8A300D8562B /* API */ = {
			isa = PBXGroup;
			children = (
				60D07F3B28CBF8AE00D8562B /* APIManager.swift */,
				60D07F3D28CBF8C500D8562B /* APIError.swift */,
				60D07F3F28CBFEEA00D8562B /* APIURLS.swift */,
			);
			path = API;
			sourceTree = "<group>";
		};
		60D07F4328CD292E00D8562B /* TipsListScene */ = {
			isa = PBXGroup;
			children = (
				60D07F5228CD2A5F00D8562B /* AllTipsCollectionView */,
				60D07F5028CD298A00D8562B /* AllTipsListSceneConfiguration.swift */,
				60D07F4828CD296600D8562B /* AllTipsListSceneViewController.swift */,
				60D07F4928CD296600D8562B /* AllTipsListSceneInteractor.swift */,
				60D07F4428CD296600D8562B /* AllTipsListScenePresenter.swift */,
				60D07F4628CD296600D8562B /* AllTipsListSceneRouter.swift */,
				60D07F4728CD296600D8562B /* AllTipsListSceneModels.swift */,
			);
			path = TipsListScene;
			sourceTree = "<group>";
		};
		60D07F5228CD2A5F00D8562B /* AllTipsCollectionView */ = {
			isa = PBXGroup;
			children = (
				60D07F5728CD2D2B00D8562B /* AllTipsListCollectionViewCell.swift */,
			);
			path = AllTipsCollectionView;
			sourceTree = "<group>";
		};
		60D07F5B28CDCAB100D8562B /* TipsDetailsScene */ = {
			isa = PBXGroup;
			children = (
				60D07F5C28CDCBCE00D8562B /* TipsDetailsScenePresenter.swift */,
				60D07F5D28CDCBCE00D8562B /* TipsDetailsSceneWorker.swift */,
				60D07F5E28CDCBCE00D8562B /* TipsDetailsSceneRouter.swift */,
				60D07F5F28CDCBCE00D8562B /* TipsDetailsSceneModels.swift */,
				60D07F6028CDCBCE00D8562B /* TipsDetailsSceneViewController.swift */,
				60D07F6128CDCBCE00D8562B /* TipsDetailsSceneInteractor.swift */,
			);
			path = TipsDetailsScene;
			sourceTree = "<group>";
		};
/* End PBXGroup section */

/* Begin PBXNativeTarget section */
		6075AC0028BF911C00FD823A /* JobLabFinal */ = {
			isa = PBXNativeTarget;
			buildConfigurationList = 6075AC1828BF911D00FD823A /* Build configuration list for PBXNativeTarget "JobLabFinal" */;
			buildPhases = (
				6075ABFD28BF911C00FD823A /* Sources */,
				6075ABFE28BF911C00FD823A /* Frameworks */,
				6075ABFF28BF911C00FD823A /* Resources */,
			);
			buildRules = (
			);
			dependencies = (
			);
			name = JobLabFinal;
			productName = JobLabFinal;
			productReference = 6075AC0128BF911C00FD823A /* JobLabFinal.app */;
			productType = "com.apple.product-type.application";
		};
/* End PBXNativeTarget section */

/* Begin PBXProject section */
		6075ABF928BF911C00FD823A /* Project object */ = {
			isa = PBXProject;
			attributes = {
				BuildIndependentTargetsInParallel = 1;
				LastSwiftUpdateCheck = 1320;
				LastUpgradeCheck = 1320;
				TargetAttributes = {
					6075AC0028BF911C00FD823A = {
						CreatedOnToolsVersion = 13.2.1;
					};
				};
			};
			buildConfigurationList = 6075ABFC28BF911C00FD823A /* Build configuration list for PBXProject "JobLabFinal" */;
			compatibilityVersion = "Xcode 13.0";
			developmentRegion = en;
			hasScannedForEncodings = 0;
			knownRegions = (
				en,
				Base,
			);
			mainGroup = 6075ABF828BF911C00FD823A;
			productRefGroup = 6075AC0228BF911C00FD823A /* Products */;
			projectDirPath = "";
			projectRoot = "";
			targets = (
				6075AC0028BF911C00FD823A /* JobLabFinal */,
			);
		};
/* End PBXProject section */

/* Begin PBXResourcesBuildPhase section */
		6075ABFF28BF911C00FD823A /* Resources */ = {
			isa = PBXResourcesBuildPhase;
			buildActionMask = 2147483647;
			files = (
				6075AC1428BF911D00FD823A /* LaunchScreen.storyboard in Resources */,
				6075AC1128BF911D00FD823A /* Assets.xcassets in Resources */,
			);
			runOnlyForDeploymentPostprocessing = 0;
		};
/* End PBXResourcesBuildPhase section */

/* Begin PBXSourcesBuildPhase section */
		6075ABFD28BF911C00FD823A /* Sources */ = {
			isa = PBXSourcesBuildPhase;
			buildActionMask = 2147483647;
			files = (
				6075ACA728C6B67200FD823A /* EditProfileViewController.swift in Sources */,
				6075AC9428C6496300FD823A /* CategoriesModels.swift in Sources */,
				6075AC9C28C6AF1400FD823A /* LayoutInformation.swift in Sources */,
				6075AC4228C0A3E200FD823A /* CollectionViewExtensions.swift in Sources */,
				60D07F6428CDCBCE00D8562B /* TipsDetailsSceneRouter.swift in Sources */,
				6075ACAC28C8030E00FD823A /* ProfileEdditorableViewCell.swift in Sources */,
				60D07F3428CA8C7B00D8562B /* CollectionViewCell.swift in Sources */,
				6075AC8428C5476900FD823A /* BottomSheetViewController.swift in Sources */,
				60D07F3928CB34B700D8562B /* TipsModel.swift in Sources */,
				6075AC5A28C210C200FD823A /* PageControllFuncs .swift in Sources */,
				6075AC7B28C3B26F00FD823A /* RegistrationViewController.swift in Sources */,
				60D07F2428C92A2B00D8562B /* TipsTableViewCell.swift in Sources */,
				6075AC5728C15E4000FD823A /* AuthenticationViewController.swift in Sources */,
				6075AC0F28BF911C00FD823A /* JobLabFinal.xcdatamodeld in Sources */,
				60D07F4028CBFEEA00D8562B /* APIURLS.swift in Sources */,
				6075ACA428C6B67200FD823A /* EditProfileWorker.swift in Sources */,
				6075AC2C28BF926300FD823A /* OnBoardingConfigure.swift in Sources */,
				6075AC7728C3B26F00FD823A /* RegistrationPresenter.swift in Sources */,
				6075AC9328C6496300FD823A /* CategoriesRouter.swift in Sources */,
				60D07F6628CDCBCE00D8562B /* TipsDetailsSceneViewController.swift in Sources */,
				60D07F2C28CA789900D8562B /* JobModel.swift in Sources */,
				60D07F5128CD298A00D8562B /* AllTipsListSceneConfiguration.swift in Sources */,
				60D07F2A28CA768200D8562B /* JobListTableViewCell.swift in Sources */,
				60D07F4A28CD296600D8562B /* AllTipsListScenePresenter.swift in Sources */,
				6075AC3B28C09F3E00FD823A /* ConstraintsExtensions.swift in Sources */,
				6075AC8A28C6095900FD823A /* FiltersViewsCells.swift in Sources */,
				60D07F4228CC6A6900D8562B /* HomeSceneConfiguration.swift in Sources */,
				6075AC8828C5FFAF00FD823A /* RegistrationConfiguration.swift in Sources */,
				6075AC6528C28F3A00FD823A /* LabelExtension.swift in Sources */,
				6075AC8628C5FBC600FD823A /* ConfigurAuthVC.swift in Sources */,
				6075AC6728C28FEA00FD823A /* TextFieldExtension.swift in Sources */,
				6075AC4628C0A46700FD823A /* TableVExtensions.swift in Sources */,
				6075AC0528BF911C00FD823A /* AppDelegate.swift in Sources */,
				60D07F4D28CD296600D8562B /* AllTipsListSceneModels.swift in Sources */,
				60D07F6228CDCBCE00D8562B /* TipsDetailsScenePresenter.swift in Sources */,
				6075AC9A28C6A50B00FD823A /* SquareCollectionViewCell.swift in Sources */,
				6075ACA328C6B67200FD823A /* EditProfilePresenter.swift in Sources */,
				60D07F3028CA866F00D8562B /* FilterTableViewCell.swift in Sources */,
				6075ACA828C6B67200FD823A /* EditProfileInteractor.swift in Sources */,
				6075AC0728BF911C00FD823A /* SceneDelegate.swift in Sources */,
				60D07F4C28CD296600D8562B /* AllTipsListSceneRouter.swift in Sources */,
				6075AC9228C6496300FD823A /* CategoriesWorker.swift in Sources */,
				60D07F1D28C8E3FC00D8562B /* HomeSceneInteractor.swift in Sources */,
				6075AC5428C15E4000FD823A /* AuthenticationWorker.swift in Sources */,
				60D07F1828C8E3FC00D8562B /* HomeScenePresenter.swift in Sources */,
				60D07F1B28C8E3FC00D8562B /* HomeSceneModels.swift in Sources */,
				6075AC5528C15E4000FD823A /* AuthenticationRouter.swift in Sources */,
				6075AC2928BF922E00FD823A /* OnBoardingViewController.swift in Sources */,
				60D07F6528CDCBCE00D8562B /* TipsDetailsSceneModels.swift in Sources */,
				60D07F1928C8E3FC00D8562B /* HomeSceneWorker.swift in Sources */,
				60D07F2128C925EC00D8562B /* FirstTableViewCell.swift in Sources */,
				6075AC3328BFA43800FD823A /* OnboardCollectionViewCell.swift in Sources */,
				6075AC9628C6496300FD823A /* CategoriesInteractor.swift in Sources */,
				60D07F5828CD2D2B00D8562B /* AllTipsListCollectionViewCell.swift in Sources */,
				6075AC6F28C3755400FD823A /* AddMediaButtons.swift in Sources */,
				6075AC7F28C3FA9500FD823A /* UserModel.swift in Sources */,
				6075AC5F28C2247100FD823A /* AddOnImageView.swift in Sources */,
				6075AC8228C544B600FD823A /* PresentationController.swift in Sources */,
				6075AC5828C15E4000FD823A /* AuthenticationInteractor.swift in Sources */,
				60D07F4F28CD296600D8562B /* AllTipsListSceneInteractor.swift in Sources */,
				60D07F3C28CBF8AE00D8562B /* APIManager.swift in Sources */,
				6075AC2828BF922E00FD823A /* OnBoardingModels.swift in Sources */,
				60D07F1A28C8E3FC00D8562B /* HomeSceneRouter.swift in Sources */,
				60D07F1C28C8E3FC00D8562B /* HomeSceneViewController.swift in Sources */,
				60D07F2628C92A3E00D8562B /* TipsCollectionViewCell.swift in Sources */,
				6075AC4B28C0DD6B00FD823A /* SetUpViewExtensions.swift in Sources */,
				6075ACA628C6B67200FD823A /* EditProfileModels.swift in Sources */,
				6075AC5D28C2217A00FD823A /* AddOnScrollView.swift in Sources */,
				6075AC2728BF922E00FD823A /* OnBoardingRouter.swift in Sources */,
				6075AC7928C3B26F00FD823A /* RegistrationRouter.swift in Sources */,
				60D07F5A28CDC9CB00D8562B /* UIViewExtensions.swift in Sources */,
				6075AC9528C6496300FD823A /* CategoriesViewController.swift in Sources */,
				6075AC5328C15E4000FD823A /* AuthenticationPresenter.swift in Sources */,
				6075AC7A28C3B26F00FD823A /* RegistrationModels.swift in Sources */,
				6075ACA528C6B67200FD823A /* EditProfileRouter.swift in Sources */,
				6075AC3828C0999400FD823A /* CustomCollectionViewExtension .swift in Sources */,
				6075AC9128C6496300FD823A /* CategoriesPresenter.swift in Sources */,
				6075AC7828C3B26F00FD823A /* RegistrationWorker.swift in Sources */,
				6075AC6328C28F1600FD823A /* ColorExtensions.swift in Sources */,
				6075AC7C28C3B26F00FD823A /* RegistrationInteractor.swift in Sources */,
				6075AC2A28BF922E00FD823A /* OnBoardingInteractor.swift in Sources */,
				6075AC4028C09F8F00FD823A /* AllertMessageExt.swift in Sources */,
				60D07F3628CB33FE00D8562B /* ImageViewExtension.swift in Sources */,
				6075AC6128C2265100FD823A /* AddHeadLine.swift in Sources */,
				6075AC3028BF954A00FD823A /* OnBoardingModel.swift in Sources */,
				60D07F4E28CD296600D8562B /* AllTipsListSceneViewController.swift in Sources */,
				60D07F6728CDCBCE00D8562B /* TipsDetailsSceneInteractor.swift in Sources */,
				60D07F6328CDCBCE00D8562B /* TipsDetailsSceneWorker.swift in Sources */,
				6075AC6B28C2BABA00FD823A /* AddSteackviews.swift in Sources */,
				6075AC2628BF922E00FD823A /* OnBoardingWorker.swift in Sources */,
				6075AC2528BF922E00FD823A /* OnBoardingPresenter.swift in Sources */,
				6075ACAF28C88DD100FD823A /* ProfileModel.swift in Sources */,
				6075AC5628C15E4000FD823A /* AuthenticationModels.swift in Sources */,
				60D07F3E28CBF8C500D8562B /* APIError.swift in Sources */,
			);
			runOnlyForDeploymentPostprocessing = 0;
		};
/* End PBXSourcesBuildPhase section */

/* Begin PBXVariantGroup section */
		6075AC1228BF911D00FD823A /* LaunchScreen.storyboard */ = {
			isa = PBXVariantGroup;
			children = (
				6075AC1328BF911D00FD823A /* Base */,
			);
			name = LaunchScreen.storyboard;
			sourceTree = "<group>";
		};
/* End PBXVariantGroup section */

/* Begin XCBuildConfiguration section */
		6075AC1628BF911D00FD823A /* Debug */ = {
			isa = XCBuildConfiguration;
			buildSettings = {
				ALWAYS_SEARCH_USER_PATHS = NO;
				CLANG_ANALYZER_NONNULL = YES;
				CLANG_ANALYZER_NUMBER_OBJECT_CONVERSION = YES_AGGRESSIVE;
				CLANG_CXX_LANGUAGE_STANDARD = "gnu++17";
				CLANG_CXX_LIBRARY = "libc++";
				CLANG_ENABLE_MODULES = YES;
				CLANG_ENABLE_OBJC_ARC = YES;
				CLANG_ENABLE_OBJC_WEAK = YES;
				CLANG_WARN_BLOCK_CAPTURE_AUTORELEASING = YES;
				CLANG_WARN_BOOL_CONVERSION = YES;
				CLANG_WARN_COMMA = YES;
				CLANG_WARN_CONSTANT_CONVERSION = YES;
				CLANG_WARN_DEPRECATED_OBJC_IMPLEMENTATIONS = YES;
				CLANG_WARN_DIRECT_OBJC_ISA_USAGE = YES_ERROR;
				CLANG_WARN_DOCUMENTATION_COMMENTS = YES;
				CLANG_WARN_EMPTY_BODY = YES;
				CLANG_WARN_ENUM_CONVERSION = YES;
				CLANG_WARN_INFINITE_RECURSION = YES;
				CLANG_WARN_INT_CONVERSION = YES;
				CLANG_WARN_NON_LITERAL_NULL_CONVERSION = YES;
				CLANG_WARN_OBJC_IMPLICIT_RETAIN_SELF = YES;
				CLANG_WARN_OBJC_LITERAL_CONVERSION = YES;
				CLANG_WARN_OBJC_ROOT_CLASS = YES_ERROR;
				CLANG_WARN_QUOTED_INCLUDE_IN_FRAMEWORK_HEADER = YES;
				CLANG_WARN_RANGE_LOOP_ANALYSIS = YES;
				CLANG_WARN_STRICT_PROTOTYPES = YES;
				CLANG_WARN_SUSPICIOUS_MOVE = YES;
				CLANG_WARN_UNGUARDED_AVAILABILITY = YES_AGGRESSIVE;
				CLANG_WARN_UNREACHABLE_CODE = YES;
				CLANG_WARN__DUPLICATE_METHOD_MATCH = YES;
				COPY_PHASE_STRIP = NO;
				DEBUG_INFORMATION_FORMAT = dwarf;
				ENABLE_STRICT_OBJC_MSGSEND = YES;
				ENABLE_TESTABILITY = YES;
				GCC_C_LANGUAGE_STANDARD = gnu11;
				GCC_DYNAMIC_NO_PIC = NO;
				GCC_NO_COMMON_BLOCKS = YES;
				GCC_OPTIMIZATION_LEVEL = 0;
				GCC_PREPROCESSOR_DEFINITIONS = (
					"DEBUG=1",
					"$(inherited)",
				);
				GCC_WARN_64_TO_32_BIT_CONVERSION = YES;
				GCC_WARN_ABOUT_RETURN_TYPE = YES_ERROR;
				GCC_WARN_UNDECLARED_SELECTOR = YES;
				GCC_WARN_UNINITIALIZED_AUTOS = YES_AGGRESSIVE;
				GCC_WARN_UNUSED_FUNCTION = YES;
				GCC_WARN_UNUSED_VARIABLE = YES;
				IPHONEOS_DEPLOYMENT_TARGET = 15.2;
				MTL_ENABLE_DEBUG_INFO = INCLUDE_SOURCE;
				MTL_FAST_MATH = YES;
				ONLY_ACTIVE_ARCH = YES;
				SDKROOT = iphoneos;
				SWIFT_ACTIVE_COMPILATION_CONDITIONS = DEBUG;
				SWIFT_OPTIMIZATION_LEVEL = "-Onone";
			};
			name = Debug;
		};
		6075AC1728BF911D00FD823A /* Release */ = {
			isa = XCBuildConfiguration;
			buildSettings = {
				ALWAYS_SEARCH_USER_PATHS = NO;
				CLANG_ANALYZER_NONNULL = YES;
				CLANG_ANALYZER_NUMBER_OBJECT_CONVERSION = YES_AGGRESSIVE;
				CLANG_CXX_LANGUAGE_STANDARD = "gnu++17";
				CLANG_CXX_LIBRARY = "libc++";
				CLANG_ENABLE_MODULES = YES;
				CLANG_ENABLE_OBJC_ARC = YES;
				CLANG_ENABLE_OBJC_WEAK = YES;
				CLANG_WARN_BLOCK_CAPTURE_AUTORELEASING = YES;
				CLANG_WARN_BOOL_CONVERSION = YES;
				CLANG_WARN_COMMA = YES;
				CLANG_WARN_CONSTANT_CONVERSION = YES;
				CLANG_WARN_DEPRECATED_OBJC_IMPLEMENTATIONS = YES;
				CLANG_WARN_DIRECT_OBJC_ISA_USAGE = YES_ERROR;
				CLANG_WARN_DOCUMENTATION_COMMENTS = YES;
				CLANG_WARN_EMPTY_BODY = YES;
				CLANG_WARN_ENUM_CONVERSION = YES;
				CLANG_WARN_INFINITE_RECURSION = YES;
				CLANG_WARN_INT_CONVERSION = YES;
				CLANG_WARN_NON_LITERAL_NULL_CONVERSION = YES;
				CLANG_WARN_OBJC_IMPLICIT_RETAIN_SELF = YES;
				CLANG_WARN_OBJC_LITERAL_CONVERSION = YES;
				CLANG_WARN_OBJC_ROOT_CLASS = YES_ERROR;
				CLANG_WARN_QUOTED_INCLUDE_IN_FRAMEWORK_HEADER = YES;
				CLANG_WARN_RANGE_LOOP_ANALYSIS = YES;
				CLANG_WARN_STRICT_PROTOTYPES = YES;
				CLANG_WARN_SUSPICIOUS_MOVE = YES;
				CLANG_WARN_UNGUARDED_AVAILABILITY = YES_AGGRESSIVE;
				CLANG_WARN_UNREACHABLE_CODE = YES;
				CLANG_WARN__DUPLICATE_METHOD_MATCH = YES;
				COPY_PHASE_STRIP = NO;
				DEBUG_INFORMATION_FORMAT = "dwarf-with-dsym";
				ENABLE_NS_ASSERTIONS = NO;
				ENABLE_STRICT_OBJC_MSGSEND = YES;
				GCC_C_LANGUAGE_STANDARD = gnu11;
				GCC_NO_COMMON_BLOCKS = YES;
				GCC_WARN_64_TO_32_BIT_CONVERSION = YES;
				GCC_WARN_ABOUT_RETURN_TYPE = YES_ERROR;
				GCC_WARN_UNDECLARED_SELECTOR = YES;
				GCC_WARN_UNINITIALIZED_AUTOS = YES_AGGRESSIVE;
				GCC_WARN_UNUSED_FUNCTION = YES;
				GCC_WARN_UNUSED_VARIABLE = YES;
				IPHONEOS_DEPLOYMENT_TARGET = 15.2;
				MTL_ENABLE_DEBUG_INFO = NO;
				MTL_FAST_MATH = YES;
				SDKROOT = iphoneos;
				SWIFT_COMPILATION_MODE = wholemodule;
				SWIFT_OPTIMIZATION_LEVEL = "-O";
				VALIDATE_PRODUCT = YES;
			};
			name = Release;
		};
		6075AC1928BF911D00FD823A /* Debug */ = {
			isa = XCBuildConfiguration;
			buildSettings = {
				ASSETCATALOG_COMPILER_APPICON_NAME = AppIcon;
				ASSETCATALOG_COMPILER_GLOBAL_ACCENT_COLOR_NAME = AccentColor;
				CODE_SIGN_STYLE = Automatic;
				CURRENT_PROJECT_VERSION = 1;
				GENERATE_INFOPLIST_FILE = YES;
				INFOPLIST_FILE = JobLabFinal/Info.plist;
				INFOPLIST_KEY_UIApplicationSupportsIndirectInputEvents = YES;
				INFOPLIST_KEY_UILaunchStoryboardName = LaunchScreen;
				INFOPLIST_KEY_UISupportedInterfaceOrientations_iPad = "UIInterfaceOrientationPortrait UIInterfaceOrientationPortraitUpsideDown UIInterfaceOrientationLandscapeLeft UIInterfaceOrientationLandscapeRight";
				INFOPLIST_KEY_UISupportedInterfaceOrientations_iPhone = "UIInterfaceOrientationPortrait UIInterfaceOrientationLandscapeLeft UIInterfaceOrientationLandscapeRight";
				LD_RUNPATH_SEARCH_PATHS = (
					"$(inherited)",
					"@executable_path/Frameworks",
				);
				MARKETING_VERSION = 1.0;
				PRODUCT_BUNDLE_IDENTIFIER = NatiaLobzhanidze.JobLabFinal;
				PRODUCT_NAME = "$(TARGET_NAME)";
				SWIFT_EMIT_LOC_STRINGS = YES;
				SWIFT_VERSION = 5.0;
				TARGETED_DEVICE_FAMILY = "1,2";
			};
			name = Debug;
		};
		6075AC1A28BF911D00FD823A /* Release */ = {
			isa = XCBuildConfiguration;
			buildSettings = {
				ASSETCATALOG_COMPILER_APPICON_NAME = AppIcon;
				ASSETCATALOG_COMPILER_GLOBAL_ACCENT_COLOR_NAME = AccentColor;
				CODE_SIGN_STYLE = Automatic;
				CURRENT_PROJECT_VERSION = 1;
				GENERATE_INFOPLIST_FILE = YES;
				INFOPLIST_FILE = JobLabFinal/Info.plist;
				INFOPLIST_KEY_UIApplicationSupportsIndirectInputEvents = YES;
				INFOPLIST_KEY_UILaunchStoryboardName = LaunchScreen;
				INFOPLIST_KEY_UISupportedInterfaceOrientations_iPad = "UIInterfaceOrientationPortrait UIInterfaceOrientationPortraitUpsideDown UIInterfaceOrientationLandscapeLeft UIInterfaceOrientationLandscapeRight";
				INFOPLIST_KEY_UISupportedInterfaceOrientations_iPhone = "UIInterfaceOrientationPortrait UIInterfaceOrientationLandscapeLeft UIInterfaceOrientationLandscapeRight";
				LD_RUNPATH_SEARCH_PATHS = (
					"$(inherited)",
					"@executable_path/Frameworks",
				);
				MARKETING_VERSION = 1.0;
				PRODUCT_BUNDLE_IDENTIFIER = NatiaLobzhanidze.JobLabFinal;
				PRODUCT_NAME = "$(TARGET_NAME)";
				SWIFT_EMIT_LOC_STRINGS = YES;
				SWIFT_VERSION = 5.0;
				TARGETED_DEVICE_FAMILY = "1,2";
			};
			name = Release;
		};
/* End XCBuildConfiguration section */

/* Begin XCConfigurationList section */
		6075ABFC28BF911C00FD823A /* Build configuration list for PBXProject "JobLabFinal" */ = {
			isa = XCConfigurationList;
			buildConfigurations = (
				6075AC1628BF911D00FD823A /* Debug */,
				6075AC1728BF911D00FD823A /* Release */,
			);
			defaultConfigurationIsVisible = 0;
			defaultConfigurationName = Release;
		};
		6075AC1828BF911D00FD823A /* Build configuration list for PBXNativeTarget "JobLabFinal" */ = {
			isa = XCConfigurationList;
			buildConfigurations = (
				6075AC1928BF911D00FD823A /* Debug */,
				6075AC1A28BF911D00FD823A /* Release */,
			);
			defaultConfigurationIsVisible = 0;
			defaultConfigurationName = Release;
		};
/* End XCConfigurationList section */

/* Begin XCVersionGroup section */
		6075AC0D28BF911C00FD823A /* JobLabFinal.xcdatamodeld */ = {
			isa = XCVersionGroup;
			children = (
				6075AC0E28BF911C00FD823A /* JobLabFinal.xcdatamodel */,
			);
			currentVersion = 6075AC0E28BF911C00FD823A /* JobLabFinal.xcdatamodel */;
			path = JobLabFinal.xcdatamodeld;
			sourceTree = "<group>";
			versionGroupType = wrapper.xcdatamodel;
		};
/* End XCVersionGroup section */
	};
	rootObject = 6075ABF928BF911C00FD823A /* Project object */;
}
